// !$*UTF8*$!
{
	archiveVersion = 1;
	classes = {
	};
	objectVersion = 46;
	objects = {

/* Begin PBXBuildFile section */
		9E02AF4A1BA3A24500BA1AEA /* Sample.cc in Sources */ = {isa = PBXBuildFile; fileRef = 9E02AF481BA3A24500BA1AEA /* Sample.cc */; };
		9E26F1B81B59CBB50016A899 /* RadarAppDelegate.mm in Sources */ = {isa = PBXBuildFile; fileRef = 9E26F1B71B59CBB50016A899 /* RadarAppDelegate.mm */; };
		9E26F1BB1B59CBB50016A899 /* MacMain.m in Sources */ = {isa = PBXBuildFile; fileRef = 9E26F1BA1B59CBB50016A899 /* MacMain.m */; };
		9E26F1BD1B59CBB50016A899 /* Assets.xcassets in Resources */ = {isa = PBXBuildFile; fileRef = 9E26F1BC1B59CBB50016A899 /* Assets.xcassets */; };
		9E26F1C01B59CBB50016A899 /* MainMenu.xib in Resources */ = {isa = PBXBuildFile; fileRef = 9E26F1BE1B59CBB50016A899 /* MainMenu.xib */; };
		9E309CD21CFE4E460059BD07 /* libCompositor.a in Frameworks */ = {isa = PBXBuildFile; fileRef = 9E309CD11CFE4E290059BD07 /* libCompositor.a */; };
		9E309CFA1D00C3130059BD07 /* libImage.a in Frameworks */ = {isa = PBXBuildFile; fileRef = 9E309CF51D00C3130059BD07 /* libImage.a */; };
		9E5D625D1D00E52F007A34B7 /* libstb.a in Frameworks */ = {isa = PBXBuildFile; fileRef = 9ED38F4F1CF678AC00D40928 /* libstb.a */; };
		9E5D625E1D00E52F007A34B7 /* liburiparser.a in Frameworks */ = {isa = PBXBuildFile; fileRef = 9ED38F4D1CF678AC00D40928 /* liburiparser.a */; };
		9E9543EC1C31C494002EEC68 /* InterfaceMain.cc in Sources */ = {isa = PBXBuildFile; fileRef = 9E9543EB1C31C494002EEC68 /* InterfaceMain.cc */; };
		9E9543F41C31C5FB002EEC68 /* Sample.cc in Sources */ = {isa = PBXBuildFile; fileRef = 9E02AF481BA3A24500BA1AEA /* Sample.cc */; };
		9E9544001C31C652002EEC68 /* OpenGL.framework in Frameworks */ = {isa = PBXBuildFile; fileRef = 9E9543FF1C31C652002EEC68 /* OpenGL.framework */; };
		9E9544211C333EF8002EEC68 /* Foundation.framework in Frameworks */ = {isa = PBXBuildFile; fileRef = 9E9544201C333EF8002EEC68 /* Foundation.framework */; };
		9EA495EB1D3964EB00CB103D /* MonaLisa.jpg in Resources */ = {isa = PBXBuildFile; fileRef = 9EA495EA1D3964EB00CB103D /* MonaLisa.jpg */; };
		9EA6744D1B742C4900C8A8B4 /* RadarSurface.mm in Sources */ = {isa = PBXBuildFile; fileRef = 9EA6744C1B742C4900C8A8B4 /* RadarSurface.mm */; };
		9ED38F2C1CF678AB00D40928 /* Beachball.png in Resources */ = {isa = PBXBuildFile; fileRef = 9ED38F2B1CF678AB00D40928 /* Beachball.png */; };
		9EE9312B1CA4C31E00CDBF07 /* libShell.a in Frameworks */ = {isa = PBXBuildFile; fileRef = 9EE931181CA4C2C500CDBF07 /* libShell.a */; };
		9EE9312C1CA4C3FE00CDBF07 /* libCoordinator.a in Frameworks */ = {isa = PBXBuildFile; fileRef = 9EE9310A1CA4C2C500CDBF07 /* libCoordinator.a */; };
		9EE9312F1CA4C40D00CDBF07 /* libInterface.a in Frameworks */ = {isa = PBXBuildFile; fileRef = 9EE931141CA4C2C500CDBF07 /* libInterface.a */; };
		9EE931301CA4C40D00CDBF07 /* libLayout.a in Frameworks */ = {isa = PBXBuildFile; fileRef = 9EE931161CA4C2C500CDBF07 /* libLayout.a */; };
		9EE931321CA4C40D00CDBF07 /* libToolbox.a in Frameworks */ = {isa = PBXBuildFile; fileRef = 9EE9311A1CA4C2C500CDBF07 /* libToolbox.a */; };
		9EE931331CA4C41700CDBF07 /* libAnimation.a in Frameworks */ = {isa = PBXBuildFile; fileRef = 9EE931081CA4C2C500CDBF07 /* libAnimation.a */; };
		9EE931341CA4C41700CDBF07 /* libCore.a in Frameworks */ = {isa = PBXBuildFile; fileRef = 9EE9310C1CA4C2C500CDBF07 /* libCore.a */; };
		9EE931351CA4C41700CDBF07 /* libEntity.a in Frameworks */ = {isa = PBXBuildFile; fileRef = 9EE9310E1CA4C2C500CDBF07 /* libEntity.a */; };
		9EE931361CA4C41700CDBF07 /* libEvent.a in Frameworks */ = {isa = PBXBuildFile; fileRef = 9EE931101CA4C2C500CDBF07 /* libEvent.a */; };
		9EE931371CA4C41700CDBF07 /* libGeometry.a in Frameworks */ = {isa = PBXBuildFile; fileRef = 9EE931121CA4C2C500CDBF07 /* libGeometry.a */; };
		9EF068FE1CB48D2D000DF505 /* libsqlite3.a in Frameworks */ = {isa = PBXBuildFile; fileRef = 9EF068FD1CB48D2D000DF505 /* libsqlite3.a */; };
		9EF068FF1CB48D31000DF505 /* libimgui.a in Frameworks */ = {isa = PBXBuildFile; fileRef = 9EF068FB1CB48D2D000DF505 /* libimgui.a */; };
		EA93DB1C1DEAF2FF00FEA8C3 /* Simple.svg in Resources */ = {isa = PBXBuildFile; fileRef = EA93DB1B1DEAF2FF00FEA8C3 /* Simple.svg */; };
		EA93DB751DEAF39E00FEA8C3 /* libInterfaceBuilder.a in Frameworks */ = {isa = PBXBuildFile; fileRef = EA93DB5A1DEAF2FF00FEA8C3 /* libInterfaceBuilder.a */; };
		EA93DB761DEAF47800FEA8C3 /* libpugixml.a in Frameworks */ = {isa = PBXBuildFile; fileRef = EA93DB661DEAF2FF00FEA8C3 /* libpugixml.a */; };
		EADACF1D1D332EDA00B30BED /* liblibtess2.a in Frameworks */ = {isa = PBXBuildFile; fileRef = EADACF141D332EDA00B30BED /* liblibtess2.a */; };
/* End PBXBuildFile section */

/* Begin PBXContainerItemProxy section */
		9E309CD01CFE4E290059BD07 /* PBXContainerItemProxy */ = {
			isa = PBXContainerItemProxy;
			containerPortal = 9EE930ED1CA4C2C500CDBF07 /* Radar.xcodeproj */;
			proxyType = 2;
			remoteGlobalIDString = DE6792944BAE47B9B421D55F;
			remoteInfo = Compositor;
		};
		9E309CF41D00C3130059BD07 /* PBXContainerItemProxy */ = {
			isa = PBXContainerItemProxy;
			containerPortal = 9EE930ED1CA4C2C500CDBF07 /* Radar.xcodeproj */;
			proxyType = 2;
			remoteGlobalIDString = F244101560BD4246907581FD;
			remoteInfo = Image;
		};
		9E309CF61D00C3130059BD07 /* PBXContainerItemProxy */ = {
			isa = PBXContainerItemProxy;
			containerPortal = 9EE930ED1CA4C2C500CDBF07 /* Radar.xcodeproj */;
			proxyType = 2;
			remoteGlobalIDString = 5CD8E482FB774D28B13DA81B;
			remoteInfo = ImageBenchmark;
		};
		9E309CF81D00C3130059BD07 /* PBXContainerItemProxy */ = {
			isa = PBXContainerItemProxy;
			containerPortal = 9EE930ED1CA4C2C500CDBF07 /* Radar.xcodeproj */;
			proxyType = 2;
			remoteGlobalIDString = 6B1B59BF8F0942B78F9D6F78;
			remoteInfo = ImageTest;
		};
		9ED38F4C1CF678AC00D40928 /* PBXContainerItemProxy */ = {
			isa = PBXContainerItemProxy;
			containerPortal = 9EE930ED1CA4C2C500CDBF07 /* Radar.xcodeproj */;
			proxyType = 2;
			remoteGlobalIDString = 91B804A7A2A14AA4A80FB72C;
			remoteInfo = uriparser;
		};
		9ED38F4E1CF678AC00D40928 /* PBXContainerItemProxy */ = {
			isa = PBXContainerItemProxy;
			containerPortal = 9EE930ED1CA4C2C500CDBF07 /* Radar.xcodeproj */;
			proxyType = 2;
			remoteGlobalIDString = CF314B0138664B958E0545B5;
			remoteInfo = stb;
		};
		9EE931071CA4C2C500CDBF07 /* PBXContainerItemProxy */ = {
			isa = PBXContainerItemProxy;
			containerPortal = 9EE930ED1CA4C2C500CDBF07 /* Radar.xcodeproj */;
			proxyType = 2;
			remoteGlobalIDString = B8041CFA340047C2A3F54282;
			remoteInfo = Animation;
		};
		9EE931091CA4C2C500CDBF07 /* PBXContainerItemProxy */ = {
			isa = PBXContainerItemProxy;
			containerPortal = 9EE930ED1CA4C2C500CDBF07 /* Radar.xcodeproj */;
			proxyType = 2;
			remoteGlobalIDString = B5BE9E603D594E7F99402E5C;
			remoteInfo = Coordinator;
		};
		9EE9310B1CA4C2C500CDBF07 /* PBXContainerItemProxy */ = {
			isa = PBXContainerItemProxy;
			containerPortal = 9EE930ED1CA4C2C500CDBF07 /* Radar.xcodeproj */;
			proxyType = 2;
			remoteGlobalIDString = C03AEF3CAE6144218BF0659D;
			remoteInfo = Core;
		};
		9EE9310D1CA4C2C500CDBF07 /* PBXContainerItemProxy */ = {
			isa = PBXContainerItemProxy;
			containerPortal = 9EE930ED1CA4C2C500CDBF07 /* Radar.xcodeproj */;
			proxyType = 2;
			remoteGlobalIDString = 1D5DC19D8AA2469F9E54CCE0;
			remoteInfo = Entity;
		};
		9EE9310F1CA4C2C500CDBF07 /* PBXContainerItemProxy */ = {
			isa = PBXContainerItemProxy;
			containerPortal = 9EE930ED1CA4C2C500CDBF07 /* Radar.xcodeproj */;
			proxyType = 2;
			remoteGlobalIDString = A703294C39214EB3896F6BF1;
			remoteInfo = Event;
		};
		9EE931111CA4C2C500CDBF07 /* PBXContainerItemProxy */ = {
			isa = PBXContainerItemProxy;
			containerPortal = 9EE930ED1CA4C2C500CDBF07 /* Radar.xcodeproj */;
			proxyType = 2;
			remoteGlobalIDString = D0437ABDA48443D3AF1DAE6E;
			remoteInfo = Geometry;
		};
		9EE931131CA4C2C500CDBF07 /* PBXContainerItemProxy */ = {
			isa = PBXContainerItemProxy;
			containerPortal = 9EE930ED1CA4C2C500CDBF07 /* Radar.xcodeproj */;
			proxyType = 2;
			remoteGlobalIDString = 311F833A21C04EA6967C3AA4;
			remoteInfo = Interface;
		};
		9EE931151CA4C2C500CDBF07 /* PBXContainerItemProxy */ = {
			isa = PBXContainerItemProxy;
			containerPortal = 9EE930ED1CA4C2C500CDBF07 /* Radar.xcodeproj */;
			proxyType = 2;
			remoteGlobalIDString = DE9DE4CF874B4EEAA91D5185;
			remoteInfo = Layout;
		};
		9EE931171CA4C2C500CDBF07 /* PBXContainerItemProxy */ = {
			isa = PBXContainerItemProxy;
			containerPortal = 9EE930ED1CA4C2C500CDBF07 /* Radar.xcodeproj */;
			proxyType = 2;
			remoteGlobalIDString = D6A7AF5412F046C3A780914B;
			remoteInfo = Shell;
		};
		9EE931191CA4C2C500CDBF07 /* PBXContainerItemProxy */ = {
			isa = PBXContainerItemProxy;
			containerPortal = 9EE930ED1CA4C2C500CDBF07 /* Radar.xcodeproj */;
			proxyType = 2;
			remoteGlobalIDString = 80F9922731AA4CB89EBCC862;
			remoteInfo = Toolbox;
		};
		9EE9311B1CA4C2C500CDBF07 /* PBXContainerItemProxy */ = {
			isa = PBXContainerItemProxy;
			containerPortal = 9EE930ED1CA4C2C500CDBF07 /* Radar.xcodeproj */;
			proxyType = 2;
			remoteGlobalIDString = C693066DE38249E3B41D770C;
			remoteInfo = TestRunner;
		};
		9EE931251CA4C2C500CDBF07 /* PBXContainerItemProxy */ = {
			isa = PBXContainerItemProxy;
			containerPortal = 9EE930ED1CA4C2C500CDBF07 /* Radar.xcodeproj */;
			proxyType = 2;
			remoteGlobalIDString = C786E712BB934DA4AE212B30;
			remoteInfo = RIDL;
		};
		9EE931271CA4C2C500CDBF07 /* PBXContainerItemProxy */ = {
			isa = PBXContainerItemProxy;
			containerPortal = 9EE930ED1CA4C2C500CDBF07 /* Radar.xcodeproj */;
			proxyType = 2;
			remoteGlobalIDString = 062BF9CBB2CE444B9AC8B655;
			remoteInfo = RIDLTest;
		};
		9EE931291CA4C30E00CDBF07 /* PBXContainerItemProxy */ = {
			isa = PBXContainerItemProxy;
			containerPortal = 9EE930ED1CA4C2C500CDBF07 /* Radar.xcodeproj */;
			proxyType = 1;
			remoteGlobalIDString = 0FA5879D95B643A88497B061;
			remoteInfo = Shell;
		};
		9EF068E71CB48CD8000DF505 /* PBXContainerItemProxy */ = {
			isa = PBXContainerItemProxy;
			containerPortal = 9EE930ED1CA4C2C500CDBF07 /* Radar.xcodeproj */;
			proxyType = 2;
			remoteGlobalIDString = A606E36AFC6C41449E188B7A;
			remoteInfo = BenchmarkRunner;
		};
		9EF068E91CB48CD8000DF505 /* PBXContainerItemProxy */ = {
			isa = PBXContainerItemProxy;
			containerPortal = 9EE930ED1CA4C2C500CDBF07 /* Radar.xcodeproj */;
			proxyType = 2;
			remoteGlobalIDString = 7BF841308D354FCD98AB239C;
			remoteInfo = CoreTest;
		};
		9EF068EB1CB48CD8000DF505 /* PBXContainerItemProxy */ = {
			isa = PBXContainerItemProxy;
			containerPortal = 9EE930ED1CA4C2C500CDBF07 /* Radar.xcodeproj */;
			proxyType = 2;
			remoteGlobalIDString = C26F12B457D6465E89DD0EDD;
			remoteInfo = LayoutBenchmark;
		};
		9EF068ED1CB48CD8000DF505 /* PBXContainerItemProxy */ = {
			isa = PBXContainerItemProxy;
			containerPortal = 9EE930ED1CA4C2C500CDBF07 /* Radar.xcodeproj */;
			proxyType = 2;
			remoteGlobalIDString = 84AE24D700CE4AD79D574199;
			remoteInfo = LayoutTest;
		};
		9EF068F41CB48D2D000DF505 /* PBXContainerItemProxy */ = {
			isa = PBXContainerItemProxy;
			containerPortal = 9EE930ED1CA4C2C500CDBF07 /* Radar.xcodeproj */;
			proxyType = 2;
			remoteGlobalIDString = 65AC76601D12477CB7555D57;
			remoteInfo = benchmark;
		};
		9EF068F61CB48D2D000DF505 /* PBXContainerItemProxy */ = {
			isa = PBXContainerItemProxy;
			containerPortal = 9EE930ED1CA4C2C500CDBF07 /* Radar.xcodeproj */;
			proxyType = 2;
			remoteGlobalIDString = 946143C5B5A141C9AF0EBA37;
			remoteInfo = gtest;
		};
		9EF068F81CB48D2D000DF505 /* PBXContainerItemProxy */ = {
			isa = PBXContainerItemProxy;
			containerPortal = 9EE930ED1CA4C2C500CDBF07 /* Radar.xcodeproj */;
			proxyType = 2;
			remoteGlobalIDString = 0E74682B0CB446B0B7FEE2FF;
			remoteInfo = gtest_main;
		};
		9EF068FA1CB48D2D000DF505 /* PBXContainerItemProxy */ = {
			isa = PBXContainerItemProxy;
			containerPortal = 9EE930ED1CA4C2C500CDBF07 /* Radar.xcodeproj */;
			proxyType = 2;
			remoteGlobalIDString = 977F0FA61839499C850F1385;
			remoteInfo = imgui;
		};
		9EF068FC1CB48D2D000DF505 /* PBXContainerItemProxy */ = {
			isa = PBXContainerItemProxy;
			containerPortal = 9EE930ED1CA4C2C500CDBF07 /* Radar.xcodeproj */;
			proxyType = 2;
			remoteGlobalIDString = ADD950248ACA47598F02AEC0;
			remoteInfo = sqlite3;
		};
		EA93DB531DEAF2FF00FEA8C3 /* PBXContainerItemProxy */ = {
			isa = PBXContainerItemProxy;
			containerPortal = 9EE930ED1CA4C2C500CDBF07 /* Radar.xcodeproj */;
			proxyType = 2;
			remoteGlobalIDString = 3A4DF982BA7446A58C39BC28;
			remoteInfo = CompositorGraphicsTest;
		};
		EA93DB551DEAF2FF00FEA8C3 /* PBXContainerItemProxy */ = {
			isa = PBXContainerItemProxy;
			containerPortal = 9EE930ED1CA4C2C500CDBF07 /* Radar.xcodeproj */;
			proxyType = 2;
			remoteGlobalIDString = 82A6C6A5070B4DA8A59A99EB;
			remoteInfo = GraphicsTestRunner;
		};
		EA93DB571DEAF2FF00FEA8C3 /* PBXContainerItemProxy */ = {
			isa = PBXContainerItemProxy;
			containerPortal = 9EE930ED1CA4C2C500CDBF07 /* Radar.xcodeproj */;
			proxyType = 2;
			remoteGlobalIDString = 216677A5182A4B6282B92945;
			remoteInfo = GraphicsTestRunnerTest;
		};
		EA93DB591DEAF2FF00FEA8C3 /* PBXContainerItemProxy */ = {
			isa = PBXContainerItemProxy;
			containerPortal = 9EE930ED1CA4C2C500CDBF07 /* Radar.xcodeproj */;
			proxyType = 2;
			remoteGlobalIDString = FEC8641F4727401D85D47BA6;
			remoteInfo = InterfaceBuilder;
		};
		EA93DB5B1DEAF2FF00FEA8C3 /* PBXContainerItemProxy */ = {
			isa = PBXContainerItemProxy;
			containerPortal = 9EE930ED1CA4C2C500CDBF07 /* Radar.xcodeproj */;
			proxyType = 2;
			remoteGlobalIDString = 991974A437DF4B8099308EA0;
			remoteInfo = InterfaceBuilderTest;
		};
		EA93DB5D1DEAF2FF00FEA8C3 /* PBXContainerItemProxy */ = {
			isa = PBXContainerItemProxy;
			containerPortal = 9EE930ED1CA4C2C500CDBF07 /* Radar.xcodeproj */;
			proxyType = 2;
			remoteGlobalIDString = 77CC691CC3AA4005AFF760DF;
			remoteInfo = Typography;
		};
		EA93DB5F1DEAF2FF00FEA8C3 /* PBXContainerItemProxy */ = {
			isa = PBXContainerItemProxy;
			containerPortal = 9EE930ED1CA4C2C500CDBF07 /* Radar.xcodeproj */;
			proxyType = 2;
			remoteGlobalIDString = C521E86840BC42C7A182A801;
			remoteInfo = TypographyTest;
		};
		EA93DB611DEAF2FF00FEA8C3 /* PBXContainerItemProxy */ = {
			isa = PBXContainerItemProxy;
			containerPortal = 9EE930ED1CA4C2C500CDBF07 /* Radar.xcodeproj */;
			proxyType = 2;
			remoteGlobalIDString = 392FB84F997042B1AC09A503;
			remoteInfo = freetype;
		};
		EA93DB631DEAF2FF00FEA8C3 /* PBXContainerItemProxy */ = {
			isa = PBXContainerItemProxy;
			containerPortal = 9EE930ED1CA4C2C500CDBF07 /* Radar.xcodeproj */;
			proxyType = 2;
			remoteGlobalIDString = 79B7E80B2B7649B3A2527662;
			remoteInfo = harfbuzz;
		};
		EA93DB651DEAF2FF00FEA8C3 /* PBXContainerItemProxy */ = {
			isa = PBXContainerItemProxy;
			containerPortal = 9EE930ED1CA4C2C500CDBF07 /* Radar.xcodeproj */;
			proxyType = 2;
			remoteGlobalIDString = A90FF8EE4BA040E4821515E5;
			remoteInfo = pugixml;
		};
		EA93DB671DEAF2FF00FEA8C3 /* PBXContainerItemProxy */ = {
			isa = PBXContainerItemProxy;
			containerPortal = 9EE930ED1CA4C2C500CDBF07 /* Radar.xcodeproj */;
			proxyType = 2;
			remoteGlobalIDString = 9B08D78006EE42E2BDBD4299;
			remoteInfo = GLCompiler;
		};
		EA93DB691DEAF2FF00FEA8C3 /* PBXContainerItemProxy */ = {
			isa = PBXContainerItemProxy;
			containerPortal = 9EE930ED1CA4C2C500CDBF07 /* Radar.xcodeproj */;
			proxyType = 2;
			remoteGlobalIDString = F9EC57F9D6E248D49221D2C6;
			remoteInfo = Reactor;
		};
		EA93DB6B1DEAF2FF00FEA8C3 /* PBXContainerItemProxy */ = {
			isa = PBXContainerItemProxy;
			containerPortal = 9EE930ED1CA4C2C500CDBF07 /* Radar.xcodeproj */;
			proxyType = 2;
			remoteGlobalIDString = 9AD850F789C748959B6C53E7;
			remoteInfo = SwiftShader;
		};
		EA93DB6D1DEAF2FF00FEA8C3 /* PBXContainerItemProxy */ = {
			isa = PBXContainerItemProxy;
			containerPortal = 9EE930ED1CA4C2C500CDBF07 /* Radar.xcodeproj */;
			proxyType = 2;
			remoteGlobalIDString = 15304C8CF85D431DAAE48DD8;
			remoteInfo = libEGL;
		};
		EA93DB6F1DEAF2FF00FEA8C3 /* PBXContainerItemProxy */ = {
			isa = PBXContainerItemProxy;
			containerPortal = 9EE930ED1CA4C2C500CDBF07 /* Radar.xcodeproj */;
			proxyType = 2;
			remoteGlobalIDString = 9787BB31959749758F948ADC;
			remoteInfo = libGLES_CM;
		};
		EA93DB711DEAF2FF00FEA8C3 /* PBXContainerItemProxy */ = {
			isa = PBXContainerItemProxy;
			containerPortal = 9EE930ED1CA4C2C500CDBF07 /* Radar.xcodeproj */;
			proxyType = 2;
			remoteGlobalIDString = FB274BC6B3F2493EA23D6EBE;
			remoteInfo = libGLESv2;
		};
		EA93DB731DEAF2FF00FEA8C3 /* PBXContainerItemProxy */ = {
			isa = PBXContainerItemProxy;
			containerPortal = 9EE930ED1CA4C2C500CDBF07 /* Radar.xcodeproj */;
			proxyType = 2;
			remoteGlobalIDString = C89C9B09E9D84BA6B52FD823;
			remoteInfo = llvm;
		};
		EADACF131D332EDA00B30BED /* PBXContainerItemProxy */ = {
			isa = PBXContainerItemProxy;
			containerPortal = 9EE930ED1CA4C2C500CDBF07 /* Radar.xcodeproj */;
			proxyType = 2;
			remoteGlobalIDString = 5F34A4AF367241C0BEF6DEA9;
			remoteInfo = libtess2;
		};
		EADACF151D332EDA00B30BED /* PBXContainerItemProxy */ = {
			isa = PBXContainerItemProxy;
			containerPortal = 9EE930ED1CA4C2C500CDBF07 /* Radar.xcodeproj */;
			proxyType = 2;
			remoteGlobalIDString = 1A7815D10A1348EFBBE81623;
			remoteInfo = DevSupport;
		};
		EADACF171D332EDA00B30BED /* PBXContainerItemProxy */ = {
			isa = PBXContainerItemProxy;
			containerPortal = 9EE930ED1CA4C2C500CDBF07 /* Radar.xcodeproj */;
			proxyType = 2;
			remoteGlobalIDString = 4E29F5085687470C84BF9DB0;
			remoteInfo = GeometryTest;
		};
		EADACF191D332EDA00B30BED /* PBXContainerItemProxy */ = {
			isa = PBXContainerItemProxy;
			containerPortal = 9EE930ED1CA4C2C500CDBF07 /* Radar.xcodeproj */;
			proxyType = 2;
			remoteGlobalIDString = FAE2588543324C809773AC47;
			remoteInfo = InterfaceTest;
		};
		EADACF1B1D332EDA00B30BED /* PBXContainerItemProxy */ = {
			isa = PBXContainerItemProxy;
			containerPortal = 9EE930ED1CA4C2C500CDBF07 /* Radar.xcodeproj */;
			proxyType = 2;
			remoteGlobalIDString = F9FAB40BDD244B4FB5E5D4DC;
			remoteInfo = ShellTest;
		};
/* End PBXContainerItemProxy section */

/* Begin PBXFileReference section */
		9E02AF481BA3A24500BA1AEA /* Sample.cc */ = {isa = PBXFileReference; fileEncoding = 4; lastKnownFileType = sourcecode.cpp.cpp; path = Sample.cc; sourceTree = "<group>"; };
		9E02AF491BA3A24500BA1AEA /* Sample.h */ = {isa = PBXFileReference; fileEncoding = 4; lastKnownFileType = sourcecode.c.h; path = Sample.h; sourceTree = "<group>"; };
		9E26F1B31B59CBB50016A899 /* Radar Love.app */ = {isa = PBXFileReference; explicitFileType = wrapper.application; includeInIndex = 0; path = "Radar Love.app"; sourceTree = BUILT_PRODUCTS_DIR; };
		9E26F1B61B59CBB50016A899 /* RadarAppDelegate.h */ = {isa = PBXFileReference; lastKnownFileType = sourcecode.c.h; path = RadarAppDelegate.h; sourceTree = "<group>"; };
		9E26F1B71B59CBB50016A899 /* RadarAppDelegate.mm */ = {isa = PBXFileReference; lastKnownFileType = sourcecode.cpp.objcpp; path = RadarAppDelegate.mm; sourceTree = "<group>"; };
		9E26F1BA1B59CBB50016A899 /* MacMain.m */ = {isa = PBXFileReference; lastKnownFileType = sourcecode.c.objc; path = MacMain.m; sourceTree = "<group>"; };
		9E26F1BC1B59CBB50016A899 /* Assets.xcassets */ = {isa = PBXFileReference; lastKnownFileType = folder.assetcatalog; path = Assets.xcassets; sourceTree = "<group>"; };
		9E26F1BF1B59CBB50016A899 /* Base */ = {isa = PBXFileReference; lastKnownFileType = file.xib; name = Base; path = Base.lproj/MainMenu.xib; sourceTree = "<group>"; };
		9E26F1C11B59CBB50016A899 /* Info.plist */ = {isa = PBXFileReference; lastKnownFileType = text.plist.xml; path = Info.plist; sourceTree = "<group>"; };
		9E9543E91C31C494002EEC68 /* Interface */ = {isa = PBXFileReference; explicitFileType = "compiled.mach-o.executable"; includeInIndex = 0; path = Interface; sourceTree = BUILT_PRODUCTS_DIR; };
		9E9543EB1C31C494002EEC68 /* InterfaceMain.cc */ = {isa = PBXFileReference; lastKnownFileType = sourcecode.cpp.cpp; path = InterfaceMain.cc; sourceTree = "<group>"; };
		9E9543FF1C31C652002EEC68 /* OpenGL.framework */ = {isa = PBXFileReference; lastKnownFileType = wrapper.framework; name = OpenGL.framework; path = System/Library/Frameworks/OpenGL.framework; sourceTree = SDKROOT; };
		9E9544201C333EF8002EEC68 /* Foundation.framework */ = {isa = PBXFileReference; lastKnownFileType = wrapper.framework; name = Foundation.framework; path = System/Library/Frameworks/Foundation.framework; sourceTree = SDKROOT; };
		9EA495EA1D3964EB00CB103D /* MonaLisa.jpg */ = {isa = PBXFileReference; lastKnownFileType = image.jpeg; name = MonaLisa.jpg; path = RadarLoveMac/MonaLisa.jpg; sourceTree = "<group>"; };
		9EA6744B1B742C4900C8A8B4 /* RadarSurface.h */ = {isa = PBXFileReference; fileEncoding = 4; lastKnownFileType = sourcecode.c.h; path = RadarSurface.h; sourceTree = "<group>"; };
		9EA6744C1B742C4900C8A8B4 /* RadarSurface.mm */ = {isa = PBXFileReference; fileEncoding = 4; lastKnownFileType = sourcecode.cpp.objcpp; path = RadarSurface.mm; sourceTree = "<group>"; };
		9ED38F2B1CF678AB00D40928 /* Beachball.png */ = {isa = PBXFileReference; lastKnownFileType = image.png; name = Beachball.png; path = RadarLoveMac/Beachball.png; sourceTree = "<group>"; };
		9EE930ED1CA4C2C500CDBF07 /* Radar.xcodeproj */ = {isa = PBXFileReference; lastKnownFileType = "wrapper.pb-project"; name = Radar.xcodeproj; path = ../../build/Radar.xcodeproj; sourceTree = "<group>"; };
		EA93DB1B1DEAF2FF00FEA8C3 /* Simple.svg */ = {isa = PBXFileReference; fileEncoding = 4; lastKnownFileType = text.xml; name = Simple.svg; path = RadarLoveMac/Simple.svg; sourceTree = "<group>"; };
/* End PBXFileReference section */

/* Begin PBXFrameworksBuildPhase section */
		9E26F1B01B59CBB50016A899 /* Frameworks */ = {
			isa = PBXFrameworksBuildPhase;
			buildActionMask = 2147483647;
			files = (
				EA93DB761DEAF47800FEA8C3 /* libpugixml.a in Frameworks */,
				EA93DB751DEAF39E00FEA8C3 /* libInterfaceBuilder.a in Frameworks */,
				EADACF1D1D332EDA00B30BED /* liblibtess2.a in Frameworks */,
				9E5D625D1D00E52F007A34B7 /* libstb.a in Frameworks */,
				9E5D625E1D00E52F007A34B7 /* liburiparser.a in Frameworks */,
				9E309CFA1D00C3130059BD07 /* libImage.a in Frameworks */,
				9E309CD21CFE4E460059BD07 /* libCompositor.a in Frameworks */,
				9EF068FF1CB48D31000DF505 /* libimgui.a in Frameworks */,
				9EF068FE1CB48D2D000DF505 /* libsqlite3.a in Frameworks */,
				9EE931331CA4C41700CDBF07 /* libAnimation.a in Frameworks */,
				9EE931341CA4C41700CDBF07 /* libCore.a in Frameworks */,
				9EE931351CA4C41700CDBF07 /* libEntity.a in Frameworks */,
				9EE931361CA4C41700CDBF07 /* libEvent.a in Frameworks */,
				9EE931371CA4C41700CDBF07 /* libGeometry.a in Frameworks */,
				9EE9312F1CA4C40D00CDBF07 /* libInterface.a in Frameworks */,
				9EE931301CA4C40D00CDBF07 /* libLayout.a in Frameworks */,
				9EE931321CA4C40D00CDBF07 /* libToolbox.a in Frameworks */,
				9EE9312C1CA4C3FE00CDBF07 /* libCoordinator.a in Frameworks */,
				9EE9312B1CA4C31E00CDBF07 /* libShell.a in Frameworks */,
			);
			runOnlyForDeploymentPostprocessing = 0;
		};
		9E9543E61C31C494002EEC68 /* Frameworks */ = {
			isa = PBXFrameworksBuildPhase;
			buildActionMask = 2147483647;
			files = (
				9E9544211C333EF8002EEC68 /* Foundation.framework in Frameworks */,
				9E9544001C31C652002EEC68 /* OpenGL.framework in Frameworks */,
			);
			runOnlyForDeploymentPostprocessing = 0;
		};
/* End PBXFrameworksBuildPhase section */

/* Begin PBXGroup section */
		9E02AF471BA3A24500BA1AEA /* Samples */ = {
			isa = PBXGroup;
			children = (
				9E02AF481BA3A24500BA1AEA /* Sample.cc */,
				9E02AF491BA3A24500BA1AEA /* Sample.h */,
			);
			name = Samples;
			path = ../../Samples;
			sourceTree = "<group>";
		};
		9E26F1AA1B59CBB50016A899 = {
			isa = PBXGroup;
			children = (
				9ED38F561CF678B200D40928 /* Assets */,
				9E26F1B51B59CBB50016A899 /* Sources */,
				9E02AF471BA3A24500BA1AEA /* Samples */,
				9E9543EA1C31C494002EEC68 /* Interface */,
				EA69B8401B5C061D00323F1D /* Frameworks */,
				9E26F1B41B59CBB50016A899 /* Products */,
			);
			sourceTree = "<group>";
		};
		9E26F1B41B59CBB50016A899 /* Products */ = {
			isa = PBXGroup;
			children = (
				9E26F1B31B59CBB50016A899 /* Radar Love.app */,
				9E9543E91C31C494002EEC68 /* Interface */,
			);
			name = Products;
			sourceTree = "<group>";
		};
		9E26F1B51B59CBB50016A899 /* Sources */ = {
			isa = PBXGroup;
			children = (
				9EA6744B1B742C4900C8A8B4 /* RadarSurface.h */,
				9EA6744C1B742C4900C8A8B4 /* RadarSurface.mm */,
				9E26F1B61B59CBB50016A899 /* RadarAppDelegate.h */,
				9E26F1B71B59CBB50016A899 /* RadarAppDelegate.mm */,
				9E26F1BC1B59CBB50016A899 /* Assets.xcassets */,
				9E26F1BE1B59CBB50016A899 /* MainMenu.xib */,
				9E26F1C11B59CBB50016A899 /* Info.plist */,
				9E26F1B91B59CBB50016A899 /* Supporting Files */,
			);
			name = Sources;
			path = RadarLoveMac;
			sourceTree = "<group>";
		};
		9E26F1B91B59CBB50016A899 /* Supporting Files */ = {
			isa = PBXGroup;
			children = (
				9E26F1BA1B59CBB50016A899 /* MacMain.m */,
			);
			name = "Supporting Files";
			sourceTree = "<group>";
		};
		9E9543EA1C31C494002EEC68 /* Interface */ = {
			isa = PBXGroup;
			children = (
				9E9543EB1C31C494002EEC68 /* InterfaceMain.cc */,
			);
			path = Interface;
			sourceTree = "<group>";
		};
		9ED38F561CF678B200D40928 /* Assets */ = {
			isa = PBXGroup;
			children = (
				EA93DB1B1DEAF2FF00FEA8C3 /* Simple.svg */,
				9EA495EA1D3964EB00CB103D /* MonaLisa.jpg */,
				9ED38F2B1CF678AB00D40928 /* Beachball.png */,
			);
			name = Assets;
			sourceTree = "<group>";
		};
		9EE930EE1CA4C2C500CDBF07 /* Products */ = {
			isa = PBXGroup;
			children = (
				9EF068F51CB48D2D000DF505 /* libbenchmark.a */,
				9EE931081CA4C2C500CDBF07 /* libAnimation.a */,
				9EF068E81CB48CD8000DF505 /* libBenchmarkRunner.a */,
				9E309CD11CFE4E290059BD07 /* libCompositor.a */,
				EA93DB541DEAF2FF00FEA8C3 /* CompositorGraphicsTest */,
				9EE9310A1CA4C2C500CDBF07 /* libCoordinator.a */,
				9EE9310C1CA4C2C500CDBF07 /* libCore.a */,
				9EF068EA1CB48CD8000DF505 /* CoreTest */,
				EADACF161D332EDA00B30BED /* libDevSupport.a */,
				9EE9310E1CA4C2C500CDBF07 /* libEntity.a */,
				9EE931101CA4C2C500CDBF07 /* libEvent.a */,
				9EE931121CA4C2C500CDBF07 /* libGeometry.a */,
				EADACF181D332EDA00B30BED /* GeometryTest */,
				EA93DB561DEAF2FF00FEA8C3 /* libGraphicsTestRunner.a */,
				EA93DB581DEAF2FF00FEA8C3 /* GraphicsTestRunnerTest */,
				9E309CF51D00C3130059BD07 /* libImage.a */,
				9E309CF71D00C3130059BD07 /* ImageBenchmark */,
				9E309CF91D00C3130059BD07 /* ImageTest */,
				9EE931141CA4C2C500CDBF07 /* libInterface.a */,
				EADACF1A1D332EDA00B30BED /* InterfaceTest */,
				EA93DB5A1DEAF2FF00FEA8C3 /* libInterfaceBuilder.a */,
				EA93DB5C1DEAF2FF00FEA8C3 /* InterfaceBuilderTest */,
				9EE931161CA4C2C500CDBF07 /* libLayout.a */,
				9EF068EC1CB48CD8000DF505 /* LayoutBenchmark */,
				9EF068EE1CB48CD8000DF505 /* LayoutTest */,
				9EE931181CA4C2C500CDBF07 /* libShell.a */,
				EADACF1C1D332EDA00B30BED /* ShellTest */,
				9EE9311C1CA4C2C500CDBF07 /* libTestRunner.a */,
				9EE9311A1CA4C2C500CDBF07 /* libToolbox.a */,
				EA93DB5E1DEAF2FF00FEA8C3 /* libTypography.a */,
				EA93DB601DEAF2FF00FEA8C3 /* TypographyTest */,
				EA93DB621DEAF2FF00FEA8C3 /* libfreetype.a */,
				9EF068F71CB48D2D000DF505 /* libgtest.a */,
				9EF068F91CB48D2D000DF505 /* libgtest_main.a */,
				EA93DB641DEAF2FF00FEA8C3 /* libharfbuzz.a */,
				9EF068FB1CB48D2D000DF505 /* libimgui.a */,
				EADACF141D332EDA00B30BED /* liblibtess2.a */,
				EA93DB661DEAF2FF00FEA8C3 /* libpugixml.a */,
				9EF068FD1CB48D2D000DF505 /* libsqlite3.a */,
				9ED38F4F1CF678AC00D40928 /* libstb.a */,
				9ED38F4D1CF678AC00D40928 /* liburiparser.a */,
				EA93DB681DEAF2FF00FEA8C3 /* libGLCompiler.a */,
				EA93DB6A1DEAF2FF00FEA8C3 /* libReactor.a */,
				EA93DB6C1DEAF2FF00FEA8C3 /* libSwiftShader.a */,
				EA93DB6E1DEAF2FF00FEA8C3 /* libEGL.dylib */,
				EA93DB701DEAF2FF00FEA8C3 /* libGLES_CM.dylib */,
				EA93DB721DEAF2FF00FEA8C3 /* libGLESv2.dylib */,
				EA93DB741DEAF2FF00FEA8C3 /* libllvm.a */,
				9EE931261CA4C2C500CDBF07 /* libRIDL.a */,
				9EE931281CA4C2C500CDBF07 /* RIDLTest */,
			);
			name = Products;
			sourceTree = "<group>";
		};
		EA69B8401B5C061D00323F1D /* Frameworks */ = {
			isa = PBXGroup;
			children = (
				9EE930ED1CA4C2C500CDBF07 /* Radar.xcodeproj */,
				9E9544201C333EF8002EEC68 /* Foundation.framework */,
				9E9543FF1C31C652002EEC68 /* OpenGL.framework */,
			);
			name = Frameworks;
			sourceTree = "<group>";
		};
/* End PBXGroup section */

/* Begin PBXNativeTarget section */
		9E26F1B21B59CBB50016A899 /* RadarMac */ = {
			isa = PBXNativeTarget;
			buildConfigurationList = 9E26F1C41B59CBB50016A899 /* Build configuration list for PBXNativeTarget "RadarMac" */;
			buildPhases = (
				9E26F1AF1B59CBB50016A899 /* Sources */,
				9E26F1B01B59CBB50016A899 /* Frameworks */,
				9E26F1B11B59CBB50016A899 /* Resources */,
			);
			buildRules = (
			);
			dependencies = (
				9EE9312A1CA4C30E00CDBF07 /* PBXTargetDependency */,
			);
			name = RadarMac;
			productName = RadarLoveMac;
			productReference = 9E26F1B31B59CBB50016A899 /* Radar Love.app */;
			productType = "com.apple.product-type.application";
		};
		9E9543E81C31C494002EEC68 /* Interface */ = {
			isa = PBXNativeTarget;
			buildConfigurationList = 9E9543F01C31C494002EEC68 /* Build configuration list for PBXNativeTarget "Interface" */;
			buildPhases = (
				9E9543E51C31C494002EEC68 /* Sources */,
				9E9543E61C31C494002EEC68 /* Frameworks */,
			);
			buildRules = (
			);
			dependencies = (
			);
			name = Interface;
			productName = Interface;
			productReference = 9E9543E91C31C494002EEC68 /* Interface */;
			productType = "com.apple.product-type.tool";
		};
/* End PBXNativeTarget section */

/* Begin PBXProject section */
		9E26F1AB1B59CBB50016A899 /* Project object */ = {
			isa = PBXProject;
			attributes = {
				LastUpgradeCheck = 0700;
				ORGANIZATIONNAME = Domokit;
				TargetAttributes = {
					9E26F1B21B59CBB50016A899 = {
						CreatedOnToolsVersion = 7.0;
					};
					9E9543E81C31C494002EEC68 = {
						CreatedOnToolsVersion = 7.2;
					};
				};
			};
			buildConfigurationList = 9E26F1AE1B59CBB50016A899 /* Build configuration list for PBXProject "RadarMac" */;
			compatibilityVersion = "Xcode 3.2";
			developmentRegion = English;
			hasScannedForEncodings = 0;
			knownRegions = (
				en,
				Base,
			);
			mainGroup = 9E26F1AA1B59CBB50016A899;
			productRefGroup = 9E26F1B41B59CBB50016A899 /* Products */;
			projectDirPath = "";
			projectReferences = (
				{
					ProductGroup = 9EE930EE1CA4C2C500CDBF07 /* Products */;
					ProjectRef = 9EE930ED1CA4C2C500CDBF07 /* Radar.xcodeproj */;
				},
			);
			projectRoot = "";
			targets = (
				9E26F1B21B59CBB50016A899 /* RadarMac */,
				9E9543E81C31C494002EEC68 /* Interface */,
			);
		};
/* End PBXProject section */

/* Begin PBXReferenceProxy section */
		9E309CD11CFE4E290059BD07 /* libCompositor.a */ = {
			isa = PBXReferenceProxy;
			fileType = archive.ar;
			path = libCompositor.a;
			remoteRef = 9E309CD01CFE4E290059BD07 /* PBXContainerItemProxy */;
			sourceTree = BUILT_PRODUCTS_DIR;
		};
		9E309CF51D00C3130059BD07 /* libImage.a */ = {
			isa = PBXReferenceProxy;
			fileType = archive.ar;
			path = libImage.a;
			remoteRef = 9E309CF41D00C3130059BD07 /* PBXContainerItemProxy */;
			sourceTree = BUILT_PRODUCTS_DIR;
		};
		9E309CF71D00C3130059BD07 /* ImageBenchmark */ = {
			isa = PBXReferenceProxy;
			fileType = "compiled.mach-o.executable";
			path = ImageBenchmark;
			remoteRef = 9E309CF61D00C3130059BD07 /* PBXContainerItemProxy */;
			sourceTree = BUILT_PRODUCTS_DIR;
		};
		9E309CF91D00C3130059BD07 /* ImageTest */ = {
			isa = PBXReferenceProxy;
			fileType = "compiled.mach-o.executable";
			path = ImageTest;
			remoteRef = 9E309CF81D00C3130059BD07 /* PBXContainerItemProxy */;
			sourceTree = BUILT_PRODUCTS_DIR;
		};
		9ED38F4D1CF678AC00D40928 /* liburiparser.a */ = {
			isa = PBXReferenceProxy;
			fileType = archive.ar;
			path = liburiparser.a;
			remoteRef = 9ED38F4C1CF678AC00D40928 /* PBXContainerItemProxy */;
			sourceTree = BUILT_PRODUCTS_DIR;
		};
		9ED38F4F1CF678AC00D40928 /* libstb.a */ = {
			isa = PBXReferenceProxy;
			fileType = archive.ar;
			path = libstb.a;
			remoteRef = 9ED38F4E1CF678AC00D40928 /* PBXContainerItemProxy */;
			sourceTree = BUILT_PRODUCTS_DIR;
		};
		9EE931081CA4C2C500CDBF07 /* libAnimation.a */ = {
			isa = PBXReferenceProxy;
			fileType = archive.ar;
			path = libAnimation.a;
			remoteRef = 9EE931071CA4C2C500CDBF07 /* PBXContainerItemProxy */;
			sourceTree = BUILT_PRODUCTS_DIR;
		};
		9EE9310A1CA4C2C500CDBF07 /* libCoordinator.a */ = {
			isa = PBXReferenceProxy;
			fileType = archive.ar;
			path = libCoordinator.a;
			remoteRef = 9EE931091CA4C2C500CDBF07 /* PBXContainerItemProxy */;
			sourceTree = BUILT_PRODUCTS_DIR;
		};
		9EE9310C1CA4C2C500CDBF07 /* libCore.a */ = {
			isa = PBXReferenceProxy;
			fileType = archive.ar;
			path = libCore.a;
			remoteRef = 9EE9310B1CA4C2C500CDBF07 /* PBXContainerItemProxy */;
			sourceTree = BUILT_PRODUCTS_DIR;
		};
		9EE9310E1CA4C2C500CDBF07 /* libEntity.a */ = {
			isa = PBXReferenceProxy;
			fileType = archive.ar;
			path = libEntity.a;
			remoteRef = 9EE9310D1CA4C2C500CDBF07 /* PBXContainerItemProxy */;
			sourceTree = BUILT_PRODUCTS_DIR;
		};
		9EE931101CA4C2C500CDBF07 /* libEvent.a */ = {
			isa = PBXReferenceProxy;
			fileType = archive.ar;
			path = libEvent.a;
			remoteRef = 9EE9310F1CA4C2C500CDBF07 /* PBXContainerItemProxy */;
			sourceTree = BUILT_PRODUCTS_DIR;
		};
		9EE931121CA4C2C500CDBF07 /* libGeometry.a */ = {
			isa = PBXReferenceProxy;
			fileType = archive.ar;
			path = libGeometry.a;
			remoteRef = 9EE931111CA4C2C500CDBF07 /* PBXContainerItemProxy */;
			sourceTree = BUILT_PRODUCTS_DIR;
		};
		9EE931141CA4C2C500CDBF07 /* libInterface.a */ = {
			isa = PBXReferenceProxy;
			fileType = archive.ar;
			path = libInterface.a;
			remoteRef = 9EE931131CA4C2C500CDBF07 /* PBXContainerItemProxy */;
			sourceTree = BUILT_PRODUCTS_DIR;
		};
		9EE931161CA4C2C500CDBF07 /* libLayout.a */ = {
			isa = PBXReferenceProxy;
			fileType = archive.ar;
			path = libLayout.a;
			remoteRef = 9EE931151CA4C2C500CDBF07 /* PBXContainerItemProxy */;
			sourceTree = BUILT_PRODUCTS_DIR;
		};
		9EE931181CA4C2C500CDBF07 /* libShell.a */ = {
			isa = PBXReferenceProxy;
			fileType = archive.ar;
			path = libShell.a;
			remoteRef = 9EE931171CA4C2C500CDBF07 /* PBXContainerItemProxy */;
			sourceTree = BUILT_PRODUCTS_DIR;
		};
		9EE9311A1CA4C2C500CDBF07 /* libToolbox.a */ = {
			isa = PBXReferenceProxy;
			fileType = archive.ar;
			path = libToolbox.a;
			remoteRef = 9EE931191CA4C2C500CDBF07 /* PBXContainerItemProxy */;
			sourceTree = BUILT_PRODUCTS_DIR;
		};
		9EE9311C1CA4C2C500CDBF07 /* libTestRunner.a */ = {
			isa = PBXReferenceProxy;
			fileType = archive.ar;
			path = libTestRunner.a;
			remoteRef = 9EE9311B1CA4C2C500CDBF07 /* PBXContainerItemProxy */;
			sourceTree = BUILT_PRODUCTS_DIR;
		};
		9EE931261CA4C2C500CDBF07 /* libRIDL.a */ = {
			isa = PBXReferenceProxy;
			fileType = archive.ar;
			path = libRIDL.a;
			remoteRef = 9EE931251CA4C2C500CDBF07 /* PBXContainerItemProxy */;
			sourceTree = BUILT_PRODUCTS_DIR;
		};
		9EE931281CA4C2C500CDBF07 /* RIDLTest */ = {
			isa = PBXReferenceProxy;
			fileType = "compiled.mach-o.executable";
			path = RIDLTest;
			remoteRef = 9EE931271CA4C2C500CDBF07 /* PBXContainerItemProxy */;
			sourceTree = BUILT_PRODUCTS_DIR;
		};
		9EF068E81CB48CD8000DF505 /* libBenchmarkRunner.a */ = {
			isa = PBXReferenceProxy;
			fileType = archive.ar;
			path = libBenchmarkRunner.a;
			remoteRef = 9EF068E71CB48CD8000DF505 /* PBXContainerItemProxy */;
			sourceTree = BUILT_PRODUCTS_DIR;
		};
		9EF068EA1CB48CD8000DF505 /* CoreTest */ = {
			isa = PBXReferenceProxy;
			fileType = "compiled.mach-o.executable";
			path = CoreTest;
			remoteRef = 9EF068E91CB48CD8000DF505 /* PBXContainerItemProxy */;
			sourceTree = BUILT_PRODUCTS_DIR;
		};
		9EF068EC1CB48CD8000DF505 /* LayoutBenchmark */ = {
			isa = PBXReferenceProxy;
			fileType = "compiled.mach-o.executable";
			path = LayoutBenchmark;
			remoteRef = 9EF068EB1CB48CD8000DF505 /* PBXContainerItemProxy */;
			sourceTree = BUILT_PRODUCTS_DIR;
		};
		9EF068EE1CB48CD8000DF505 /* LayoutTest */ = {
			isa = PBXReferenceProxy;
			fileType = "compiled.mach-o.executable";
			path = LayoutTest;
			remoteRef = 9EF068ED1CB48CD8000DF505 /* PBXContainerItemProxy */;
			sourceTree = BUILT_PRODUCTS_DIR;
		};
		9EF068F51CB48D2D000DF505 /* libbenchmark.a */ = {
			isa = PBXReferenceProxy;
			fileType = archive.ar;
			path = libbenchmark.a;
			remoteRef = 9EF068F41CB48D2D000DF505 /* PBXContainerItemProxy */;
			sourceTree = BUILT_PRODUCTS_DIR;
		};
		9EF068F71CB48D2D000DF505 /* libgtest.a */ = {
			isa = PBXReferenceProxy;
			fileType = archive.ar;
			path = libgtest.a;
			remoteRef = 9EF068F61CB48D2D000DF505 /* PBXContainerItemProxy */;
			sourceTree = BUILT_PRODUCTS_DIR;
		};
		9EF068F91CB48D2D000DF505 /* libgtest_main.a */ = {
			isa = PBXReferenceProxy;
			fileType = archive.ar;
			path = libgtest_main.a;
			remoteRef = 9EF068F81CB48D2D000DF505 /* PBXContainerItemProxy */;
			sourceTree = BUILT_PRODUCTS_DIR;
		};
		9EF068FB1CB48D2D000DF505 /* libimgui.a */ = {
			isa = PBXReferenceProxy;
			fileType = archive.ar;
			path = libimgui.a;
			remoteRef = 9EF068FA1CB48D2D000DF505 /* PBXContainerItemProxy */;
			sourceTree = BUILT_PRODUCTS_DIR;
		};
		9EF068FD1CB48D2D000DF505 /* libsqlite3.a */ = {
			isa = PBXReferenceProxy;
			fileType = archive.ar;
			path = libsqlite3.a;
			remoteRef = 9EF068FC1CB48D2D000DF505 /* PBXContainerItemProxy */;
			sourceTree = BUILT_PRODUCTS_DIR;
		};
		EA93DB541DEAF2FF00FEA8C3 /* CompositorGraphicsTest */ = {
			isa = PBXReferenceProxy;
			fileType = "compiled.mach-o.executable";
			path = CompositorGraphicsTest;
			remoteRef = EA93DB531DEAF2FF00FEA8C3 /* PBXContainerItemProxy */;
			sourceTree = BUILT_PRODUCTS_DIR;
		};
		EA93DB561DEAF2FF00FEA8C3 /* libGraphicsTestRunner.a */ = {
			isa = PBXReferenceProxy;
			fileType = archive.ar;
			path = libGraphicsTestRunner.a;
			remoteRef = EA93DB551DEAF2FF00FEA8C3 /* PBXContainerItemProxy */;
			sourceTree = BUILT_PRODUCTS_DIR;
		};
		EA93DB581DEAF2FF00FEA8C3 /* GraphicsTestRunnerTest */ = {
			isa = PBXReferenceProxy;
			fileType = "compiled.mach-o.executable";
			path = GraphicsTestRunnerTest;
			remoteRef = EA93DB571DEAF2FF00FEA8C3 /* PBXContainerItemProxy */;
			sourceTree = BUILT_PRODUCTS_DIR;
		};
		EA93DB5A1DEAF2FF00FEA8C3 /* libInterfaceBuilder.a */ = {
			isa = PBXReferenceProxy;
			fileType = archive.ar;
			path = libInterfaceBuilder.a;
			remoteRef = EA93DB591DEAF2FF00FEA8C3 /* PBXContainerItemProxy */;
			sourceTree = BUILT_PRODUCTS_DIR;
		};
		EA93DB5C1DEAF2FF00FEA8C3 /* InterfaceBuilderTest */ = {
			isa = PBXReferenceProxy;
			fileType = "compiled.mach-o.executable";
			path = InterfaceBuilderTest;
			remoteRef = EA93DB5B1DEAF2FF00FEA8C3 /* PBXContainerItemProxy */;
			sourceTree = BUILT_PRODUCTS_DIR;
		};
		EA93DB5E1DEAF2FF00FEA8C3 /* libTypography.a */ = {
			isa = PBXReferenceProxy;
			fileType = archive.ar;
			path = libTypography.a;
			remoteRef = EA93DB5D1DEAF2FF00FEA8C3 /* PBXContainerItemProxy */;
			sourceTree = BUILT_PRODUCTS_DIR;
		};
		EA93DB601DEAF2FF00FEA8C3 /* TypographyTest */ = {
			isa = PBXReferenceProxy;
			fileType = "compiled.mach-o.executable";
			path = TypographyTest;
			remoteRef = EA93DB5F1DEAF2FF00FEA8C3 /* PBXContainerItemProxy */;
			sourceTree = BUILT_PRODUCTS_DIR;
		};
		EA93DB621DEAF2FF00FEA8C3 /* libfreetype.a */ = {
			isa = PBXReferenceProxy;
			fileType = archive.ar;
			path = libfreetype.a;
			remoteRef = EA93DB611DEAF2FF00FEA8C3 /* PBXContainerItemProxy */;
			sourceTree = BUILT_PRODUCTS_DIR;
		};
		EA93DB641DEAF2FF00FEA8C3 /* libharfbuzz.a */ = {
			isa = PBXReferenceProxy;
			fileType = archive.ar;
			path = libharfbuzz.a;
			remoteRef = EA93DB631DEAF2FF00FEA8C3 /* PBXContainerItemProxy */;
			sourceTree = BUILT_PRODUCTS_DIR;
		};
		EA93DB661DEAF2FF00FEA8C3 /* libpugixml.a */ = {
			isa = PBXReferenceProxy;
			fileType = archive.ar;
			path = libpugixml.a;
			remoteRef = EA93DB651DEAF2FF00FEA8C3 /* PBXContainerItemProxy */;
			sourceTree = BUILT_PRODUCTS_DIR;
		};
		EA93DB681DEAF2FF00FEA8C3 /* libGLCompiler.a */ = {
			isa = PBXReferenceProxy;
			fileType = archive.ar;
			path = libGLCompiler.a;
			remoteRef = EA93DB671DEAF2FF00FEA8C3 /* PBXContainerItemProxy */;
			sourceTree = BUILT_PRODUCTS_DIR;
		};
		EA93DB6A1DEAF2FF00FEA8C3 /* libReactor.a */ = {
			isa = PBXReferenceProxy;
			fileType = archive.ar;
			path = libReactor.a;
			remoteRef = EA93DB691DEAF2FF00FEA8C3 /* PBXContainerItemProxy */;
			sourceTree = BUILT_PRODUCTS_DIR;
		};
		EA93DB6C1DEAF2FF00FEA8C3 /* libSwiftShader.a */ = {
			isa = PBXReferenceProxy;
			fileType = archive.ar;
			path = libSwiftShader.a;
			remoteRef = EA93DB6B1DEAF2FF00FEA8C3 /* PBXContainerItemProxy */;
			sourceTree = BUILT_PRODUCTS_DIR;
		};
		EA93DB6E1DEAF2FF00FEA8C3 /* libEGL.dylib */ = {
			isa = PBXReferenceProxy;
			fileType = "compiled.mach-o.dylib";
			path = libEGL.dylib;
			remoteRef = EA93DB6D1DEAF2FF00FEA8C3 /* PBXContainerItemProxy */;
			sourceTree = BUILT_PRODUCTS_DIR;
		};
		EA93DB701DEAF2FF00FEA8C3 /* libGLES_CM.dylib */ = {
			isa = PBXReferenceProxy;
			fileType = "compiled.mach-o.dylib";
			path = libGLES_CM.dylib;
			remoteRef = EA93DB6F1DEAF2FF00FEA8C3 /* PBXContainerItemProxy */;
			sourceTree = BUILT_PRODUCTS_DIR;
		};
		EA93DB721DEAF2FF00FEA8C3 /* libGLESv2.dylib */ = {
			isa = PBXReferenceProxy;
			fileType = "compiled.mach-o.dylib";
			path = libGLESv2.dylib;
			remoteRef = EA93DB711DEAF2FF00FEA8C3 /* PBXContainerItemProxy */;
			sourceTree = BUILT_PRODUCTS_DIR;
		};
		EA93DB741DEAF2FF00FEA8C3 /* libllvm.a */ = {
			isa = PBXReferenceProxy;
			fileType = archive.ar;
			path = libllvm.a;
			remoteRef = EA93DB731DEAF2FF00FEA8C3 /* PBXContainerItemProxy */;
			sourceTree = BUILT_PRODUCTS_DIR;
		};
		EADACF141D332EDA00B30BED /* liblibtess2.a */ = {
			isa = PBXReferenceProxy;
			fileType = archive.ar;
			path = liblibtess2.a;
			remoteRef = EADACF131D332EDA00B30BED /* PBXContainerItemProxy */;
			sourceTree = BUILT_PRODUCTS_DIR;
		};
		EADACF161D332EDA00B30BED /* libDevSupport.a */ = {
			isa = PBXReferenceProxy;
			fileType = archive.ar;
			path = libDevSupport.a;
			remoteRef = EADACF151D332EDA00B30BED /* PBXContainerItemProxy */;
			sourceTree = BUILT_PRODUCTS_DIR;
		};
		EADACF181D332EDA00B30BED /* GeometryTest */ = {
			isa = PBXReferenceProxy;
			fileType = "compiled.mach-o.executable";
			path = GeometryTest;
			remoteRef = EADACF171D332EDA00B30BED /* PBXContainerItemProxy */;
			sourceTree = BUILT_PRODUCTS_DIR;
		};
		EADACF1A1D332EDA00B30BED /* InterfaceTest */ = {
			isa = PBXReferenceProxy;
			fileType = "compiled.mach-o.executable";
			path = InterfaceTest;
			remoteRef = EADACF191D332EDA00B30BED /* PBXContainerItemProxy */;
			sourceTree = BUILT_PRODUCTS_DIR;
		};
		EADACF1C1D332EDA00B30BED /* ShellTest */ = {
			isa = PBXReferenceProxy;
			fileType = "compiled.mach-o.executable";
			path = ShellTest;
			remoteRef = EADACF1B1D332EDA00B30BED /* PBXContainerItemProxy */;
			sourceTree = BUILT_PRODUCTS_DIR;
		};
/* End PBXReferenceProxy section */

/* Begin PBXResourcesBuildPhase section */
		9E26F1B11B59CBB50016A899 /* Resources */ = {
			isa = PBXResourcesBuildPhase;
			buildActionMask = 2147483647;
			files = (
				9ED38F2C1CF678AB00D40928 /* Beachball.png in Resources */,
				9E26F1BD1B59CBB50016A899 /* Assets.xcassets in Resources */,
				EA93DB1C1DEAF2FF00FEA8C3 /* Simple.svg in Resources */,
				9E26F1C01B59CBB50016A899 /* MainMenu.xib in Resources */,
				9EA495EB1D3964EB00CB103D /* MonaLisa.jpg in Resources */,
			);
			runOnlyForDeploymentPostprocessing = 0;
		};
/* End PBXResourcesBuildPhase section */

/* Begin PBXSourcesBuildPhase section */
		9E26F1AF1B59CBB50016A899 /* Sources */ = {
			isa = PBXSourcesBuildPhase;
			buildActionMask = 2147483647;
			files = (
				9E26F1BB1B59CBB50016A899 /* MacMain.m in Sources */,
				9E02AF4A1BA3A24500BA1AEA /* Sample.cc in Sources */,
				9EA6744D1B742C4900C8A8B4 /* RadarSurface.mm in Sources */,
				9E26F1B81B59CBB50016A899 /* RadarAppDelegate.mm in Sources */,
			);
			runOnlyForDeploymentPostprocessing = 0;
		};
		9E9543E51C31C494002EEC68 /* Sources */ = {
			isa = PBXSourcesBuildPhase;
			buildActionMask = 2147483647;
			files = (
				9E9543EC1C31C494002EEC68 /* InterfaceMain.cc in Sources */,
				9E9543F41C31C5FB002EEC68 /* Sample.cc in Sources */,
			);
			runOnlyForDeploymentPostprocessing = 0;
		};
/* End PBXSourcesBuildPhase section */

/* Begin PBXTargetDependency section */
		9EE9312A1CA4C30E00CDBF07 /* PBXTargetDependency */ = {
			isa = PBXTargetDependency;
			name = Shell;
			targetProxy = 9EE931291CA4C30E00CDBF07 /* PBXContainerItemProxy */;
		};
/* End PBXTargetDependency section */

/* Begin PBXVariantGroup section */
		9E26F1BE1B59CBB50016A899 /* MainMenu.xib */ = {
			isa = PBXVariantGroup;
			children = (
				9E26F1BF1B59CBB50016A899 /* Base */,
			);
			name = MainMenu.xib;
			sourceTree = "<group>";
		};
/* End PBXVariantGroup section */

/* Begin XCBuildConfiguration section */
		9E26F1C21B59CBB50016A899 /* Debug */ = {
			isa = XCBuildConfiguration;
			buildSettings = {
				ALWAYS_SEARCH_USER_PATHS = NO;
				CLANG_CXX_LANGUAGE_STANDARD = "c++0x";
				CLANG_CXX_LIBRARY = "libc++";
				CLANG_ENABLE_MODULES = YES;
				CLANG_ENABLE_OBJC_ARC = YES;
				CLANG_WARN_BOOL_CONVERSION = YES;
				CLANG_WARN_CONSTANT_CONVERSION = YES;
				CLANG_WARN_DIRECT_OBJC_ISA_USAGE = YES_ERROR;
				CLANG_WARN_EMPTY_BODY = YES;
				CLANG_WARN_ENUM_CONVERSION = YES;
				CLANG_WARN_INT_CONVERSION = YES;
				CLANG_WARN_OBJC_ROOT_CLASS = YES_ERROR;
				CLANG_WARN_UNREACHABLE_CODE = YES;
				CLANG_WARN__DUPLICATE_METHOD_MATCH = YES;
				CODE_SIGN_IDENTITY = "-";
				COPY_PHASE_STRIP = NO;
				DEBUG_INFORMATION_FORMAT = dwarf;
				ENABLE_STRICT_OBJC_MSGSEND = YES;
				ENABLE_TESTABILITY = YES;
				GCC_DYNAMIC_NO_PIC = NO;
				GCC_ENABLE_CPP_EXCEPTIONS = NO;
				GCC_ENABLE_CPP_RTTI = NO;
				GCC_ENABLE_OBJC_EXCEPTIONS = NO;
				GCC_NO_COMMON_BLOCKS = YES;
				GCC_OPTIMIZATION_LEVEL = 0;
				GCC_PREPROCESSOR_DEFINITIONS = (
					"DEBUG=1",
					"$(inherited)",
				);
				GCC_WARN_64_TO_32_BIT_CONVERSION = YES;
				GCC_WARN_ABOUT_RETURN_TYPE = YES_ERROR;
				GCC_WARN_UNDECLARED_SELECTOR = YES;
				GCC_WARN_UNINITIALIZED_AUTOS = YES_AGGRESSIVE;
				GCC_WARN_UNUSED_FUNCTION = YES;
				GCC_WARN_UNUSED_VARIABLE = YES;
				HEADER_SEARCH_PATHS = (
					../../Library/Interface/Headers,
					../../Library/Animation/Headers,
					../../Library/Toolbox/Headers,
					../../Library/Layout/Headers,
					../../Library/Compositor/Headers,
					../../Library/Coordinator/Headers,
					../../Library/Core/Headers,
					../../Library/Geometry/Headers,
					../../Library/Image/Headers,
					../../Library/Entity/Headers,
					../../Library/Shell/Headers,
					../../Library/Event/Headers,
					../../Library/InterfaceBuilder/Headers,
				);
				MACOSX_DEPLOYMENT_TARGET = 10.10;
				MTL_ENABLE_DEBUG_INFO = YES;
				ONLY_ACTIVE_ARCH = YES;
				SDKROOT = macosx;
			};
			name = Debug;
		};
		9E26F1C31B59CBB50016A899 /* Release */ = {
			isa = XCBuildConfiguration;
			buildSettings = {
				ALWAYS_SEARCH_USER_PATHS = NO;
				CLANG_CXX_LANGUAGE_STANDARD = "c++0x";
				CLANG_CXX_LIBRARY = "libc++";
				CLANG_ENABLE_MODULES = YES;
				CLANG_ENABLE_OBJC_ARC = YES;
				CLANG_WARN_BOOL_CONVERSION = YES;
				CLANG_WARN_CONSTANT_CONVERSION = YES;
				CLANG_WARN_DIRECT_OBJC_ISA_USAGE = YES_ERROR;
				CLANG_WARN_EMPTY_BODY = YES;
				CLANG_WARN_ENUM_CONVERSION = YES;
				CLANG_WARN_INT_CONVERSION = YES;
				CLANG_WARN_OBJC_ROOT_CLASS = YES_ERROR;
				CLANG_WARN_UNREACHABLE_CODE = YES;
				CLANG_WARN__DUPLICATE_METHOD_MATCH = YES;
				CODE_SIGN_IDENTITY = "-";
				COPY_PHASE_STRIP = NO;
				DEBUG_INFORMATION_FORMAT = "dwarf-with-dsym";
				ENABLE_NS_ASSERTIONS = NO;
				ENABLE_STRICT_OBJC_MSGSEND = YES;
				GCC_ENABLE_CPP_EXCEPTIONS = NO;
				GCC_ENABLE_CPP_RTTI = NO;
				GCC_ENABLE_OBJC_EXCEPTIONS = NO;
				GCC_NO_COMMON_BLOCKS = YES;
				GCC_WARN_64_TO_32_BIT_CONVERSION = YES;
				GCC_WARN_ABOUT_RETURN_TYPE = YES_ERROR;
				GCC_WARN_UNDECLARED_SELECTOR = YES;
				GCC_WARN_UNINITIALIZED_AUTOS = YES_AGGRESSIVE;
				GCC_WARN_UNUSED_FUNCTION = YES;
				GCC_WARN_UNUSED_VARIABLE = YES;
				HEADER_SEARCH_PATHS = (
					../../Library/Interface/Headers,
					../../Library/Animation/Headers,
					../../Library/Toolbox/Headers,
					../../Library/Layout/Headers,
					../../Library/Compositor/Headers,
					../../Library/Coordinator/Headers,
					../../Library/Core/Headers,
					../../Library/Geometry/Headers,
					../../Library/Image/Headers,
					../../Library/Entity/Headers,
					../../Library/Shell/Headers,
					../../Library/Event/Headers,
					../../Library/InterfaceBuilder/Headers,
				);
				MACOSX_DEPLOYMENT_TARGET = 10.10;
				MTL_ENABLE_DEBUG_INFO = NO;
				SDKROOT = macosx;
			};
			name = Release;
		};
		9E26F1C51B59CBB50016A899 /* Debug */ = {
			isa = XCBuildConfiguration;
			buildSettings = {
				ASSETCATALOG_COMPILER_APPICON_NAME = AppIcon;
				COMBINE_HIDPI_IMAGES = YES;
				INFOPLIST_FILE = RadarLoveMac/Info.plist;
				LD_RUNPATH_SEARCH_PATHS = "$(inherited) @executable_path/../Frameworks";
				PRODUCT_BUNDLE_IDENTIFIER = com.chinmaygarde.radarlove;
				PRODUCT_NAME = "Radar Love";
			};
			name = Debug;
		};
		9E26F1C61B59CBB50016A899 /* Release */ = {
			isa = XCBuildConfiguration;
			buildSettings = {
				ASSETCATALOG_COMPILER_APPICON_NAME = AppIcon;
				COMBINE_HIDPI_IMAGES = YES;
				INFOPLIST_FILE = RadarLoveMac/Info.plist;
				LD_RUNPATH_SEARCH_PATHS = "$(inherited) @executable_path/../Frameworks";
				PRODUCT_BUNDLE_IDENTIFIER = com.chinmaygarde.radarlove;
				PRODUCT_NAME = "Radar Love";
			};
			name = Release;
		};
		9E9543ED1C31C494002EEC68 /* Debug */ = {
			isa = XCBuildConfiguration;
			buildSettings = {
				CLANG_CXX_LANGUAGE_STANDARD = "gnu++0x";
				GCC_C_LANGUAGE_STANDARD = gnu99;
				PRODUCT_NAME = "$(TARGET_NAME)";
			};
			name = Debug;
		};
		9E9543EE1C31C494002EEC68 /* Release */ = {
			isa = XCBuildConfiguration;
			buildSettings = {
				CLANG_CXX_LANGUAGE_STANDARD = "gnu++0x";
				GCC_C_LANGUAGE_STANDARD = gnu99;
				PRODUCT_NAME = "$(TARGET_NAME)";
			};
			name = Release;
		};
/* End XCBuildConfiguration section */

/* Begin XCConfigurationList section */
		9E26F1AE1B59CBB50016A899 /* Build configuration list for PBXProject "RadarMac" */ = {
			isa = XCConfigurationList;
			buildConfigurations = (
				9E26F1C21B59CBB50016A899 /* Debug */,
				9E26F1C31B59CBB50016A899 /* Release */,
			);
			defaultConfigurationIsVisible = 0;
			defaultConfigurationName = Release;
		};
		9E26F1C41B59CBB50016A899 /* Build configuration list for PBXNativeTarget "RadarMac" */ = {
			isa = XCConfigurationList;
			buildConfigurations = (
				9E26F1C51B59CBB50016A899 /* Debug */,
				9E26F1C61B59CBB50016A899 /* Release */,
			);
			defaultConfigurationIsVisible = 0;
			defaultConfigurationName = Release;
		};
		9E9543F01C31C494002EEC68 /* Build configuration list for PBXNativeTarget "Interface" */ = {
			isa = XCConfigurationList;
			buildConfigurations = (
				9E9543ED1C31C494002EEC68 /* Debug */,
				9E9543EE1C31C494002EEC68 /* Release */,
			);
			defaultConfigurationIsVisible = 0;
			defaultConfigurationName = Release;
		};
/* End XCConfigurationList section */
	};
	rootObject = 9E26F1AB1B59CBB50016A899 /* Project object */;
}
